
Microsoft Visual Studio Solution File, Format Version 12.00
# Visual Studio Version 17
VisualStudioVersion = 17.14.36202.13
MinimumVisualStudioVersion = 10.0.40219.1
Project("{2150E333-8FDC-42A3-9474-1A3956D46DE8}") = "01. Components", "01. Components", "{02EA681E-C7D8-13C7-8484-4AC65E1B71E8}"
EndProject
Project("{2150E333-8FDC-42A3-9474-1A3956D46DE8}") = "02. Modules", "02. Modules", "{C037E129-B61E-4285-A785-B05CECE46CEA}"
EndProject
Project("{2150E333-8FDC-42A3-9474-1A3956D46DE8}") = "03. Misc", "03. Misc", "{69AA8A86-F4A8-46B4-9487-E1FAAEA5CF9B}"
EndProject
Project("{2150E333-8FDC-42A3-9474-1A3956D46DE8}") = "Mastering", "Mastering", "{A7DB6F6B-05D7-43AD-99D2-116D76F6DDDA}"
	ProjectSection(SolutionItems) = preProject
		Mastering\Analysis.props = Mastering\Analysis.props
		Mastering\Language.props = Mastering\Language.props
		Mastering\NuGet.props = Mastering\NuGet.props
		Mastering\Product.props = Mastering\Product.props
		Mastering\Targeting.props = Mastering\Targeting.props
		Mastering\Version.props = Mastering\Version.props
	EndProjectSection
EndProject
Project("{FAE04EC0-301F-11D3-BF4B-00C04F79EFBC}") = "Gapotchenko.GnuTK", "Gapotchenko.GnuTK\Gapotchenko.GnuTK.csproj", "{CE8BE23D-19DE-427C-8A0A-24E1D13BD413}"
EndProject
Global
	GlobalSection(SolutionConfigurationPlatforms) = preSolution
		Debug|Any CPU = Debug|Any CPU
		Release|Any CPU = Release|Any CPU
	EndGlobalSection
	GlobalSection(ProjectConfigurationPlatforms) = postSolution
		{CE8BE23D-19DE-427C-8A0A-24E1D13BD413}.Debug|Any CPU.ActiveCfg = Debug|Any CPU
		{CE8BE23D-19DE-427C-8A0A-24E1D13BD413}.Debug|Any CPU.Build.0 = Debug|Any CPU
		{CE8BE23D-19DE-427C-8A0A-24E1D13BD413}.Release|Any CPU.ActiveCfg = Release|Any CPU
		{CE8BE23D-19DE-427C-8A0A-24E1D13BD413}.Release|Any CPU.Build.0 = Release|Any CPU
	EndGlobalSection
	GlobalSection(SolutionProperties) = preSolution
		HideSolutionNode = FALSE
	EndGlobalSection
	GlobalSection(NestedProjects) = preSolution
		{A7DB6F6B-05D7-43AD-99D2-116D76F6DDDA} = {69AA8A86-F4A8-46B4-9487-E1FAAEA5CF9B}
		{CE8BE23D-19DE-427C-8A0A-24E1D13BD413} = {C037E129-B61E-4285-A785-B05CECE46CEA}
	EndGlobalSection
	GlobalSection(ExtensibilityGlobals) = postSolution
		SolutionGuid = {1919B43B-528B-49D8-9028-356CABBE5D8E}
	EndGlobalSection
EndGlobal
